
Microsoft Visual Studio Solution File, Format Version 12.00
# Visual Studio Version 16
VisualStudioVersion = 16.0.29102.190
MinimumVisualStudioVersion = 10.0.40219.1
Project("{9A19103F-16F7-4668-BE54-9A1E7A4F7556}") = "server", "TestServer\server.dev.csproj", "{D51BD6CC-B8D3-4D5E-81E8-BA8D8D53C752}"
EndProject
Project("{9A19103F-16F7-4668-BE54-9A1E7A4F7556}") = "TCP", "..\TCP\TCP\TCP.csproj", "{D130F530-95E4-4B31-A339-471CB2A3D90F}"
EndProject
Project("{9A19103F-16F7-4668-BE54-9A1E7A4F7556}") = "coap.dev", "..\CoAP-CSharp\CoAP.NET\coap.dev.csproj", "{45DB1E45-4831-4E4A-BB1E-AE92EEA182E3}"
EndProject
Project("{FAE04EC0-301F-11D3-BF4B-00C04F79EFBC}") = "crypto", "..\..\..\Bouncy-Castle\bc-csharp\crypto\crypto.csproj", "{38872A5F-E87E-4FAD-B109-8EB7B2E6A4A0}"
EndProject
Project("{9A19103F-16F7-4668-BE54-9A1E7A4F7556}") = "CWT.dev", "..\CWT\WebToken\CWT.dev.csproj", "{D0122CAD-CCD2-4CCF-B4A3-D2BBE5D86A1B}"
EndProject
Project("{9A19103F-16F7-4668-BE54-9A1E7A4F7556}") = "RD.dev", "..\Resouce-Directory\ResourceDirectory\RD.dev.csproj", "{47722131-AFD5-4ACC-8857-18E637B94DFA}"
EndProject
Project("{9A19103F-16F7-4668-BE54-9A1E7A4F7556}") = "COSE.dev", "..\..\..\COSE\COSE-csharp\COSE\COSE.dev.csproj", "{A5D85760-29EF-4EC3-8822-5F4884A61F0E}"
EndProject
Project("{9A19103F-16F7-4668-BE54-9A1E7A4F7556}") = "oauth.dev", "..\..\..\ace\Oauth-Authz\OAuth\oauth.dev.csproj", "{C5E64281-05D3-4502-8C68-C1628D1E0DFB}"
EndProject
Global
	GlobalSection(SolutionConfigurationPlatforms) = preSolution
		Debug|Any CPU = Debug|Any CPU
		Deploy|Any CPU = Deploy|Any CPU
		Release|Any CPU = Release|Any CPU
	EndGlobalSection
	GlobalSection(ProjectConfigurationPlatforms) = postSolution
		{D51BD6CC-B8D3-4D5E-81E8-BA8D8D53C752}.Debug|Any CPU.ActiveCfg = Debug|Any CPU
		{D51BD6CC-B8D3-4D5E-81E8-BA8D8D53C752}.Debug|Any CPU.Build.0 = Debug|Any CPU
		{D51BD6CC-B8D3-4D5E-81E8-BA8D8D53C752}.Deploy|Any CPU.ActiveCfg = Debug|Any CPU
		{D51BD6CC-B8D3-4D5E-81E8-BA8D8D53C752}.Deploy|Any CPU.Build.0 = Debug|Any CPU
		{D51BD6CC-B8D3-4D5E-81E8-BA8D8D53C752}.Release|Any CPU.ActiveCfg = Release|Any CPU
		{D51BD6CC-B8D3-4D5E-81E8-BA8D8D53C752}.Release|Any CPU.Build.0 = Release|Any CPU
		{D130F530-95E4-4B31-A339-471CB2A3D90F}.Debug|Any CPU.ActiveCfg = Debug|Any CPU
		{D130F530-95E4-4B31-A339-471CB2A3D90F}.Debug|Any CPU.Build.0 = Debug|Any CPU
		{D130F530-95E4-4B31-A339-471CB2A3D90F}.Deploy|Any CPU.ActiveCfg = Debug|Any CPU
		{D130F530-95E4-4B31-A339-471CB2A3D90F}.Deploy|Any CPU.Build.0 = Debug|Any CPU
		{D130F530-95E4-4B31-A339-471CB2A3D90F}.Release|Any CPU.ActiveCfg = Release|Any CPU
		{D130F530-95E4-4B31-A339-471CB2A3D90F}.Release|Any CPU.Build.0 = Release|Any CPU
		{45DB1E45-4831-4E4A-BB1E-AE92EEA182E3}.Debug|Any CPU.ActiveCfg = Debug|Any CPU
		{45DB1E45-4831-4E4A-BB1E-AE92EEA182E3}.Debug|Any CPU.Build.0 = Debug|Any CPU
		{45DB1E45-4831-4E4A-BB1E-AE92EEA182E3}.Deploy|Any CPU.ActiveCfg = Debug|Any CPU
		{45DB1E45-4831-4E4A-BB1E-AE92EEA182E3}.Deploy|Any CPU.Build.0 = Debug|Any CPU
		{45DB1E45-4831-4E4A-BB1E-AE92EEA182E3}.Release|Any CPU.ActiveCfg = Release|Any CPU
		{45DB1E45-4831-4E4A-BB1E-AE92EEA182E3}.Release|Any CPU.Build.0 = Release|Any CPU
		{38872A5F-E87E-4FAD-B109-8EB7B2E6A4A0}.Debug|Any CPU.ActiveCfg = Debug|Any CPU
		{38872A5F-E87E-4FAD-B109-8EB7B2E6A4A0}.Debug|Any CPU.Build.0 = Debug|Any CPU
		{38872A5F-E87E-4FAD-B109-8EB7B2E6A4A0}.Deploy|Any CPU.ActiveCfg = Debug|Any CPU
		{38872A5F-E87E-4FAD-B109-8EB7B2E6A4A0}.Deploy|Any CPU.Build.0 = Debug|Any CPU
		{38872A5F-E87E-4FAD-B109-8EB7B2E6A4A0}.Release|Any CPU.ActiveCfg = Release|Any CPU
		{38872A5F-E87E-4FAD-B109-8EB7B2E6A4A0}.Release|Any CPU.Build.0 = Release|Any CPU
		{D0122CAD-CCD2-4CCF-B4A3-D2BBE5D86A1B}.Debug|Any CPU.ActiveCfg = Debug|Any CPU
		{D0122CAD-CCD2-4CCF-B4A3-D2BBE5D86A1B}.Debug|Any CPU.Build.0 = Debug|Any CPU
		{D0122CAD-CCD2-4CCF-B4A3-D2BBE5D86A1B}.Deploy|Any CPU.ActiveCfg = Debug|Any CPU
		{D0122CAD-CCD2-4CCF-B4A3-D2BBE5D86A1B}.Deploy|Any CPU.Build.0 = Debug|Any CPU
		{D0122CAD-CCD2-4CCF-B4A3-D2BBE5D86A1B}.Release|Any CPU.ActiveCfg = Release|Any CPU
		{D0122CAD-CCD2-4CCF-B4A3-D2BBE5D86A1B}.Release|Any CPU.Build.0 = Release|Any CPU
		{47722131-AFD5-4ACC-8857-18E637B94DFA}.Debug|Any CPU.ActiveCfg = Debug|Any CPU
		{47722131-AFD5-4ACC-8857-18E637B94DFA}.Debug|Any CPU.Build.0 = Debug|Any CPU
		{47722131-AFD5-4ACC-8857-18E637B94DFA}.Deploy|Any CPU.ActiveCfg = Debug|Any CPU
		{47722131-AFD5-4ACC-8857-18E637B94DFA}.Deploy|Any CPU.Build.0 = Debug|Any CPU
		{47722131-AFD5-4ACC-8857-18E637B94DFA}.Release|Any CPU.ActiveCfg = Release|Any CPU
		{47722131-AFD5-4ACC-8857-18E637B94DFA}.Release|Any CPU.Build.0 = Release|Any CPU
		{A5D85760-29EF-4EC3-8822-5F4884A61F0E}.Debug|Any CPU.ActiveCfg = Debug|Any CPU
		{A5D85760-29EF-4EC3-8822-5F4884A61F0E}.Debug|Any CPU.Build.0 = Debug|Any CPU
		{A5D85760-29EF-4EC3-8822-5F4884A61F0E}.Deploy|Any CPU.ActiveCfg = Debug|Any CPU
		{A5D85760-29EF-4EC3-8822-5F4884A61F0E}.Deploy|Any CPU.Build.0 = Debug|Any CPU
		{A5D85760-29EF-4EC3-8822-5F4884A61F0E}.Release|Any CPU.ActiveCfg = Release|Any CPU
		{A5D85760-29EF-4EC3-8822-5F4884A61F0E}.Release|Any CPU.Build.0 = Release|Any CPU
		{C5E64281-05D3-4502-8C68-C1628D1E0DFB}.Debug|Any CPU.ActiveCfg = Debug|Any CPU
		{C5E64281-05D3-4502-8C68-C1628D1E0DFB}.Debug|Any CPU.Build.0 = Debug|Any CPU
		{C5E64281-05D3-4502-8C68-C1628D1E0DFB}.Deploy|Any CPU.ActiveCfg = Debug|Any CPU
		{C5E64281-05D3-4502-8C68-C1628D1E0DFB}.Deploy|Any CPU.Build.0 = Debug|Any CPU
		{C5E64281-05D3-4502-8C68-C1628D1E0DFB}.Release|Any CPU.ActiveCfg = Release|Any CPU
		{C5E64281-05D3-4502-8C68-C1628D1E0DFB}.Release|Any CPU.Build.0 = Release|Any CPU
	EndGlobalSection
	GlobalSection(SolutionProperties) = preSolution
		HideSolutionNode = FALSE
	EndGlobalSection
	GlobalSection(ExtensibilityGlobals) = postSolution
		SolutionGuid = {8D8663B4-85A7-4F2B-AD30-1D082003D67F}
	EndGlobalSection
EndGlobal
